
Microsoft Visual Studio Solution File, Format Version 12.00
Project("{FAE04EC0-301F-11D3-BF4B-00C04F79EFBC}") = "ShopProject.Api", "ShopProject.Api\ShopProject.Api.csproj", "{F7BD0056-7E9E-49AE-8381-12B33CCE8D3F}"
EndProject
Project("{2150E333-8FDC-42A3-9474-1A3956D46DE8}") = "Core", "Core", "{1A5021E3-078D-4ED6-AE94-FF502CB9D1C8}"
EndProject
Project("{2150E333-8FDC-42A3-9474-1A3956D46DE8}") = "Presentation", "Presentation", "{7F57C722-9196-4DA7-AE4A-B1938FB63C21}"
EndProject
Project("{2150E333-8FDC-42A3-9474-1A3956D46DE8}") = "Infrastructure", "Infrastructure", "{7DA3AEE1-12F5-48A7-B7E8-24B9C8290838}"
EndProject
Project("{2150E333-8FDC-42A3-9474-1A3956D46DE8}") = "IdentityServer", "IdentityServer", "{91588B3F-103A-449F-8CA3-16B0AA5D616F}"
EndProject
Project("{FAE04EC0-301F-11D3-BF4B-00C04F79EFBC}") = "ShopProject.Shared", "ShopProject.Shared\ShopProject.Shared.csproj", "{8E1364C0-0DC3-4D15-96F1-F47EF538111A}"
EndProject
Project("{FAE04EC0-301F-11D3-BF4B-00C04F79EFBC}") = "DuendeIdentityServer", "DuendeIdentityServer\DuendeIdentityServer.csproj", "{D9CD2074-7CD2-44E5-8205-9DFDA02D46F3}"
EndProject
Project("{FAE04EC0-301F-11D3-BF4B-00C04F79EFBC}") = "ShopProject.Application", "ShopProject.Application\ShopProject.Application.csproj", "{914389F2-E1C9-44CB-8297-247E11B35F5C}"
EndProject
Project("{FAE04EC0-301F-11D3-BF4B-00C04F79EFBC}") = "ShopProject.Domain", "ShopProject.Domain\ShopProject.Domain.csproj", "{EF815EC8-6C42-4E1C-9EF8-FAF807925EA0}"
EndProject
Project("{FAE04EC0-301F-11D3-BF4B-00C04F79EFBC}") = "ShopProject.Infrastructure", "ShopProject.Infrastructure\ShopProject.Infrastructure.csproj", "{A71442C4-FE2E-4F17-891A-C50CFAFDD374}"
EndProject
Project("{FAE04EC0-301F-11D3-BF4B-00C04F79EFBC}") = "ShopProject.Persistence", "ShopProject.Persistence\ShopProject.Persistence.csproj", "{B7E96BC6-8483-4D66-B46D-F2E227FAF182}"
EndProject
Project("{FAE04EC0-301F-11D3-BF4B-00C04F79EFBC}") = "ShopProject.Client", "ShopProject.Client\ShopProject.Client.csproj", "{21DC7B79-E43E-47A2-AA11-9342DE64E868}"
EndProject
Project("{FAE04EC0-301F-11D3-BF4B-00C04F79EFBC}") = "ShopProjectMauiBlazorApp", "ShopProjectMauiBlazorApp\ShopProjectMauiBlazorApp.csproj", "{A1A7D381-31FA-447F-9166-3BD189FC0221}"
EndProject
Global
	GlobalSection(SolutionConfigurationPlatforms) = preSolution
		Debug|Any CPU = Debug|Any CPU
		Release|Any CPU = Release|Any CPU
	EndGlobalSection
	GlobalSection(ProjectConfigurationPlatforms) = postSolution
		{F7BD0056-7E9E-49AE-8381-12B33CCE8D3F}.Debug|Any CPU.ActiveCfg = Debug|Any CPU
		{F7BD0056-7E9E-49AE-8381-12B33CCE8D3F}.Debug|Any CPU.Build.0 = Debug|Any CPU
		{F7BD0056-7E9E-49AE-8381-12B33CCE8D3F}.Release|Any CPU.ActiveCfg = Release|Any CPU
		{F7BD0056-7E9E-49AE-8381-12B33CCE8D3F}.Release|Any CPU.Build.0 = Release|Any CPU
		{8E1364C0-0DC3-4D15-96F1-F47EF538111A}.Debug|Any CPU.ActiveCfg = Debug|Any CPU
		{8E1364C0-0DC3-4D15-96F1-F47EF538111A}.Debug|Any CPU.Build.0 = Debug|Any CPU
		{8E1364C0-0DC3-4D15-96F1-F47EF538111A}.Release|Any CPU.ActiveCfg = Release|Any CPU
		{8E1364C0-0DC3-4D15-96F1-F47EF538111A}.Release|Any CPU.Build.0 = Release|Any CPU
		{D9CD2074-7CD2-44E5-8205-9DFDA02D46F3}.Debug|Any CPU.ActiveCfg = Debug|Any CPU
		{D9CD2074-7CD2-44E5-8205-9DFDA02D46F3}.Debug|Any CPU.Build.0 = Debug|Any CPU
		{D9CD2074-7CD2-44E5-8205-9DFDA02D46F3}.Release|Any CPU.ActiveCfg = Release|Any CPU
		{D9CD2074-7CD2-44E5-8205-9DFDA02D46F3}.Release|Any CPU.Build.0 = Release|Any CPU
		{914389F2-E1C9-44CB-8297-247E11B35F5C}.Debug|Any CPU.ActiveCfg = Debug|Any CPU
		{914389F2-E1C9-44CB-8297-247E11B35F5C}.Debug|Any CPU.Build.0 = Debug|Any CPU
		{914389F2-E1C9-44CB-8297-247E11B35F5C}.Release|Any CPU.ActiveCfg = Release|Any CPU
		{914389F2-E1C9-44CB-8297-247E11B35F5C}.Release|Any CPU.Build.0 = Release|Any CPU
		{EF815EC8-6C42-4E1C-9EF8-FAF807925EA0}.Debug|Any CPU.ActiveCfg = Debug|Any CPU
		{EF815EC8-6C42-4E1C-9EF8-FAF807925EA0}.Debug|Any CPU.Build.0 = Debug|Any CPU
		{EF815EC8-6C42-4E1C-9EF8-FAF807925EA0}.Release|Any CPU.ActiveCfg = Release|Any CPU
		{EF815EC8-6C42-4E1C-9EF8-FAF807925EA0}.Release|Any CPU.Build.0 = Release|Any CPU
		{A71442C4-FE2E-4F17-891A-C50CFAFDD374}.Debug|Any CPU.ActiveCfg = Debug|Any CPU
		{A71442C4-FE2E-4F17-891A-C50CFAFDD374}.Debug|Any CPU.Build.0 = Debug|Any CPU
		{A71442C4-FE2E-4F17-891A-C50CFAFDD374}.Release|Any CPU.ActiveCfg = Release|Any CPU
		{A71442C4-FE2E-4F17-891A-C50CFAFDD374}.Release|Any CPU.Build.0 = Release|Any CPU
		{B7E96BC6-8483-4D66-B46D-F2E227FAF182}.Debug|Any CPU.ActiveCfg = Debug|Any CPU
		{B7E96BC6-8483-4D66-B46D-F2E227FAF182}.Debug|Any CPU.Build.0 = Debug|Any CPU
		{B7E96BC6-8483-4D66-B46D-F2E227FAF182}.Release|Any CPU.ActiveCfg = Release|Any CPU
		{B7E96BC6-8483-4D66-B46D-F2E227FAF182}.Release|Any CPU.Build.0 = Release|Any CPU
		{21DC7B79-E43E-47A2-AA11-9342DE64E868}.Debug|Any CPU.ActiveCfg = Debug|Any CPU
		{21DC7B79-E43E-47A2-AA11-9342DE64E868}.Debug|Any CPU.Build.0 = Debug|Any CPU
		{21DC7B79-E43E-47A2-AA11-9342DE64E868}.Release|Any CPU.ActiveCfg = Release|Any CPU
		{21DC7B79-E43E-47A2-AA11-9342DE64E868}.Release|Any CPU.Build.0 = Release|Any CPU
		{A1A7D381-31FA-447F-9166-3BD189FC0221}.Debug|Any CPU.ActiveCfg = Debug|Any CPU
		{A1A7D381-31FA-447F-9166-3BD189FC0221}.Debug|Any CPU.Build.0 = Debug|Any CPU
		{A1A7D381-31FA-447F-9166-3BD189FC0221}.Release|Any CPU.ActiveCfg = Release|Any CPU
		{A1A7D381-31FA-447F-9166-3BD189FC0221}.Release|Any CPU.Build.0 = Release|Any CPU
	EndGlobalSection
	GlobalSection(NestedProjects) = preSolution
		{F7BD0056-7E9E-49AE-8381-12B33CCE8D3F} = {7F57C722-9196-4DA7-AE4A-B1938FB63C21}
		{8E1364C0-0DC3-4D15-96F1-F47EF538111A} = {7F57C722-9196-4DA7-AE4A-B1938FB63C21}
		{D9CD2074-7CD2-44E5-8205-9DFDA02D46F3} = {91588B3F-103A-449F-8CA3-16B0AA5D616F}
		{914389F2-E1C9-44CB-8297-247E11B35F5C} = {1A5021E3-078D-4ED6-AE94-FF502CB9D1C8}
		{EF815EC8-6C42-4E1C-9EF8-FAF807925EA0} = {1A5021E3-078D-4ED6-AE94-FF502CB9D1C8}
		{A71442C4-FE2E-4F17-891A-C50CFAFDD374} = {7DA3AEE1-12F5-48A7-B7E8-24B9C8290838}
		{B7E96BC6-8483-4D66-B46D-F2E227FAF182} = {7DA3AEE1-12F5-48A7-B7E8-24B9C8290838}
		{21DC7B79-E43E-47A2-AA11-9342DE64E868} = {7F57C722-9196-4DA7-AE4A-B1938FB63C21}
		{A1A7D381-31FA-447F-9166-3BD189FC0221} = {7F57C722-9196-4DA7-AE4A-B1938FB63C21}
	EndGlobalSection
EndGlobal
